
Microsoft Visual Studio Solution File, Format Version 12.00
# Visual Studio 15
VisualStudioVersion = 15.0.28010.2046
MinimumVisualStudioVersion = 10.0.40219.1
Project("{FAE04EC0-301F-11D3-BF4B-00C04F79EFBC}") = "Lands.Android", "Lands\Lands.Android\Lands.Android.csproj", "{827D9AAB-96E9-40D7-9E13-100EF168B327}"
EndProject
Project("{FAE04EC0-301F-11D3-BF4B-00C04F79EFBC}") = "Lands.iOS", "Lands\Lands.iOS\Lands.iOS.csproj", "{3E63703C-78D8-4AA3-996A-0E1D0110DE7E}"
EndProject
Project("{FAE04EC0-301F-11D3-BF4B-00C04F79EFBC}") = "Lands", "Lands\Lands\Lands.csproj", "{D3074DC4-80FA-4317-9754-B9D26F65BB2F}"
EndProject
Global
	GlobalSection(SolutionConfigurationPlatforms) = preSolution
		Ad-Hoc|Any CPU = Ad-Hoc|Any CPU
		Ad-Hoc|iPhone = Ad-Hoc|iPhone
		Ad-Hoc|iPhoneSimulator = Ad-Hoc|iPhoneSimulator
		AppStore|Any CPU = AppStore|Any CPU
		AppStore|iPhone = AppStore|iPhone
		AppStore|iPhoneSimulator = AppStore|iPhoneSimulator
		Debug|Any CPU = Debug|Any CPU
		Debug|iPhone = Debug|iPhone
		Debug|iPhoneSimulator = Debug|iPhoneSimulator
		Release|Any CPU = Release|Any CPU
		Release|iPhone = Release|iPhone
		Release|iPhoneSimulator = Release|iPhoneSimulator
	EndGlobalSection
	GlobalSection(ProjectConfigurationPlatforms) = postSolution
		{827D9AAB-96E9-40D7-9E13-100EF168B327}.Ad-Hoc|Any CPU.ActiveCfg = Release|Any CPU
		{827D9AAB-96E9-40D7-9E13-100EF168B327}.Ad-Hoc|Any CPU.Build.0 = Release|Any CPU
		{827D9AAB-96E9-40D7-9E13-100EF168B327}.Ad-Hoc|Any CPU.Deploy.0 = Release|Any CPU
		{827D9AAB-96E9-40D7-9E13-100EF168B327}.Ad-Hoc|iPhone.ActiveCfg = Release|Any CPU
		{827D9AAB-96E9-40D7-9E13-100EF168B327}.Ad-Hoc|iPhone.Build.0 = Release|Any CPU
		{827D9AAB-96E9-40D7-9E13-100EF168B327}.Ad-Hoc|iPhone.Deploy.0 = Release|Any CPU
		{827D9AAB-96E9-40D7-9E13-100EF168B327}.Ad-Hoc|iPhoneSimulator.ActiveCfg = Release|Any CPU
		{827D9AAB-96E9-40D7-9E13-100EF168B327}.Ad-Hoc|iPhoneSimulator.Build.0 = Release|Any CPU
		{827D9AAB-96E9-40D7-9E13-100EF168B327}.Ad-Hoc|iPhoneSimulator.Deploy.0 = Release|Any CPU
		{827D9AAB-96E9-40D7-9E13-100EF168B327}.AppStore|Any CPU.ActiveCfg = Release|Any CPU
		{827D9AAB-96E9-40D7-9E13-100EF168B327}.AppStore|Any CPU.Build.0 = Release|Any CPU
		{827D9AAB-96E9-40D7-9E13-100EF168B327}.AppStore|Any CPU.Deploy.0 = Release|Any CPU
		{827D9AAB-96E9-40D7-9E13-100EF168B327}.AppStore|iPhone.ActiveCfg = Release|Any CPU
		{827D9AAB-96E9-40D7-9E13-100EF168B327}.AppStore|iPhone.Build.0 = Release|Any CPU
		{827D9AAB-96E9-40D7-9E13-100EF168B327}.AppStore|iPhone.Deploy.0 = Release|Any CPU
		{827D9AAB-96E9-40D7-9E13-100EF168B327}.AppStore|iPhoneSimulator.ActiveCfg = Release|Any CPU
		{827D9AAB-96E9-40D7-9E13-100EF168B327}.AppStore|iPhoneSimulator.Build.0 = Release|Any CPU
		{827D9AAB-96E9-40D7-9E13-100EF168B327}.AppStore|iPhoneSimulator.Deploy.0 = Release|Any CPU
		{827D9AAB-96E9-40D7-9E13-100EF168B327}.Debug|Any CPU.ActiveCfg = Debug|Any CPU
		{827D9AAB-96E9-40D7-9E13-100EF168B327}.Debug|Any CPU.Build.0 = Debug|Any CPU
		{827D9AAB-96E9-40D7-9E13-100EF168B327}.Debug|Any CPU.Deploy.0 = Debug|Any CPU
		{827D9AAB-96E9-40D7-9E13-100EF168B327}.Debug|iPhone.ActiveCfg = Debug|Any CPU
		{827D9AAB-96E9-40D7-9E13-100EF168B327}.Debug|iPhone.Build.0 = Debug|Any CPU
		{827D9AAB-96E9-40D7-9E13-100EF168B327}.Debug|iPhone.Deploy.0 = Debug|Any CPU
		{827D9AAB-96E9-40D7-9E13-100EF168B327}.Debug|iPhoneSimulator.ActiveCfg = Debug|Any CPU
		{827D9AAB-96E9-40D7-9E13-100EF168B327}.Debug|iPhoneSimulator.Build.0 = Debug|Any CPU
		{827D9AAB-96E9-40D7-9E13-100EF168B327}.Debug|iPhoneSimulator.Deploy.0 = Debug|Any CPU
		{827D9AAB-96E9-40D7-9E13-100EF168B327}.Release|Any CPU.ActiveCfg = Release|Any CPU
		{827D9AAB-96E9-40D7-9E13-100EF168B327}.Release|Any CPU.Build.0 = Release|Any CPU
		{827D9AAB-96E9-40D7-9E13-100EF168B327}.Release|Any CPU.Deploy.0 = Release|Any CPU
		{827D9AAB-96E9-40D7-9E13-100EF168B327}.Release|iPhone.ActiveCfg = Release|Any CPU
		{827D9AAB-96E9-40D7-9E13-100EF168B327}.Release|iPhone.Build.0 = Release|Any CPU
		{827D9AAB-96E9-40D7-9E13-100EF168B327}.Release|iPhone.Deploy.0 = Release|Any CPU
		{827D9AAB-96E9-40D7-9E13-100EF168B327}.Release|iPhoneSimulator.ActiveCfg = Release|Any CPU
		{827D9AAB-96E9-40D7-9E13-100EF168B327}.Release|iPhoneSimulator.Build.0 = Release|Any CPU
		{827D9AAB-96E9-40D7-9E13-100EF168B327}.Release|iPhoneSimulator.Deploy.0 = Release|Any CPU
		{3E63703C-78D8-4AA3-996A-0E1D0110DE7E}.Ad-Hoc|Any CPU.ActiveCfg = Ad-Hoc|iPhone
		{3E63703C-78D8-4AA3-996A-0E1D0110DE7E}.Ad-Hoc|Any CPU.Build.0 = Ad-Hoc|iPhone
		{3E63703C-78D8-4AA3-996A-0E1D0110DE7E}.Ad-Hoc|Any CPU.Deploy.0 = Ad-Hoc|iPhone
		{3E63703C-78D8-4AA3-996A-0E1D0110DE7E}.Ad-Hoc|iPhone.ActiveCfg = Ad-Hoc|iPhone
		{3E63703C-78D8-4AA3-996A-0E1D0110DE7E}.Ad-Hoc|iPhone.Build.0 = Ad-Hoc|iPhone
		{3E63703C-78D8-4AA3-996A-0E1D0110DE7E}.Ad-Hoc|iPhone.Deploy.0 = Ad-Hoc|iPhone
		{3E63703C-78D8-4AA3-996A-0E1D0110DE7E}.Ad-Hoc|iPhoneSimulator.ActiveCfg = Ad-Hoc|iPhoneSimulator
		{3E63703C-78D8-4AA3-996A-0E1D0110DE7E}.Ad-Hoc|iPhoneSimulator.Build.0 = Ad-Hoc|iPhoneSimulator
		{3E63703C-78D8-4AA3-996A-0E1D0110DE7E}.Ad-Hoc|iPhoneSimulator.Deploy.0 = Ad-Hoc|iPhoneSimulator
		{3E63703C-78D8-4AA3-996A-0E1D0110DE7E}.AppStore|Any CPU.ActiveCfg = AppStore|iPhone
		{3E63703C-78D8-4AA3-996A-0E1D0110DE7E}.AppStore|Any CPU.Build.0 = AppStore|iPhone
		{3E63703C-78D8-4AA3-996A-0E1D0110DE7E}.AppStore|Any CPU.Deploy.0 = AppStore|iPhone
		{3E63703C-78D8-4AA3-996A-0E1D0110DE7E}.AppStore|iPhone.ActiveCfg = AppStore|iPhone
		{3E63703C-78D8-4AA3-996A-0E1D0110DE7E}.AppStore|iPhone.Build.0 = AppStore|iPhone
		{3E63703C-78D8-4AA3-996A-0E1D0110DE7E}.AppStore|iPhone.Deploy.0 = AppStore|iPhone
		{3E63703C-78D8-4AA3-996A-0E1D0110DE7E}.AppStore|iPhoneSimulator.ActiveCfg = AppStore|iPhoneSimulator
		{3E63703C-78D8-4AA3-996A-0E1D0110DE7E}.AppStore|iPhoneSimulator.Build.0 = AppStore|iPhoneSimulator
		{3E63703C-78D8-4AA3-996A-0E1D0110DE7E}.AppStore|iPhoneSimulator.Deploy.0 = AppStore|iPhoneSimulator
		{3E63703C-78D8-4AA3-996A-0E1D0110DE7E}.Debug|Any CPU.ActiveCfg = Debug|iPhoneSimulator
		{3E63703C-78D8-4AA3-996A-0E1D0110DE7E}.Debug|Any CPU.Build.0 = Debug|iPhoneSimulator
		{3E63703C-78D8-4AA3-996A-0E1D0110DE7E}.Debug|Any CPU.Deploy.0 = Debug|iPhoneSimulator
		{3E63703C-78D8-4AA3-996A-0E1D0110DE7E}.Debug|iPhone.ActiveCfg = Debug|iPhone
		{3E63703C-78D8-4AA3-996A-0E1D0110DE7E}.Debug|iPhone.Build.0 = Debug|iPhone
		{3E63703C-78D8-4AA3-996A-0E1D0110DE7E}.Debug|iPhone.Deploy.0 = Debug|iPhone
		{3E63703C-78D8-4AA3-996A-0E1D0110DE7E}.Debug|iPhoneSimulator.ActiveCfg = Debug|iPhoneSimulator
		{3E63703C-78D8-4AA3-996A-0E1D0110DE7E}.Debug|iPhoneSimulator.Build.0 = Debug|iPhoneSimulator
		{3E63703C-78D8-4AA3-996A-0E1D0110DE7E}.Debug|iPhoneSimulator.Deploy.0 = Debug|iPhoneSimulator
		{3E63703C-78D8-4AA3-996A-0E1D0110DE7E}.Release|Any CPU.ActiveCfg = Release|iPhone
		{3E63703C-78D8-4AA3-996A-0E1D0110DE7E}.Release|Any CPU.Build.0 = Release|iPhone
		{3E63703C-78D8-4AA3-996A-0E1D0110DE7E}.Release|Any CPU.Deploy.0 = Release|iPhone
		{3E63703C-78D8-4AA3-996A-0E1D0110DE7E}.Release|iPhone.ActiveCfg = Release|iPhone
		{3E63703C-78D8-4AA3-996A-0E1D0110DE7E}.Release|iPhone.Build.0 = Release|iPhone
		{3E63703C-78D8-4AA3-996A-0E1D0110DE7E}.Release|iPhone.Deploy.0 = Release|iPhone
		{3E63703C-78D8-4AA3-996A-0E1D0110DE7E}.Release|iPhoneSimulator.ActiveCfg = Release|iPhoneSimulator
		{3E63703C-78D8-4AA3-996A-0E1D0110DE7E}.Release|iPhoneSimulator.Build.0 = Release|iPhoneSimulator
		{3E63703C-78D8-4AA3-996A-0E1D0110DE7E}.Release|iPhoneSimulator.Deploy.0 = Release|iPhoneSimulator
		{D3074DC4-80FA-4317-9754-B9D26F65BB2F}.Ad-Hoc|Any CPU.ActiveCfg = Debug|Any CPU
		{D3074DC4-80FA-4317-9754-B9D26F65BB2F}.Ad-Hoc|Any CPU.Build.0 = Debug|Any CPU
		{D3074DC4-80FA-4317-9754-B9D26F65BB2F}.Ad-Hoc|Any CPU.Deploy.0 = Debug|Any CPU
		{D3074DC4-80FA-4317-9754-B9D26F65BB2F}.Ad-Hoc|iPhone.ActiveCfg = Debug|Any CPU
		{D3074DC4-80FA-4317-9754-B9D26F65BB2F}.Ad-Hoc|iPhone.Build.0 = Debug|Any CPU
		{D3074DC4-80FA-4317-9754-B9D26F65BB2F}.Ad-Hoc|iPhone.Deploy.0 = Debug|Any CPU
		{D3074DC4-80FA-4317-9754-B9D26F65BB2F}.Ad-Hoc|iPhoneSimulator.ActiveCfg = Debug|Any CPU
		{D3074DC4-80FA-4317-9754-B9D26F65BB2F}.Ad-Hoc|iPhoneSimulator.Build.0 = Debug|Any CPU
		{D3074DC4-80FA-4317-9754-B9D26F65BB2F}.Ad-Hoc|iPhoneSimulator.Deploy.0 = Debug|Any CPU
		{D3074DC4-80FA-4317-9754-B9D26F65BB2F}.AppStore|Any CPU.ActiveCfg = Debug|Any CPU
		{D3074DC4-80FA-4317-9754-B9D26F65BB2F}.AppStore|Any CPU.Build.0 = Debug|Any CPU
		{D3074DC4-80FA-4317-9754-B9D26F65BB2F}.AppStore|Any CPU.Deploy.0 = Debug|Any CPU
		{D3074DC4-80FA-4317-9754-B9D26F65BB2F}.AppStore|iPhone.ActiveCfg = Debug|Any CPU
		{D3074DC4-80FA-4317-9754-B9D26F65BB2F}.AppStore|iPhone.Build.0 = Debug|Any CPU
		{D3074DC4-80FA-4317-9754-B9D26F65BB2F}.AppStore|iPhone.Deploy.0 = Debug|Any CPU
		{D3074DC4-80FA-4317-9754-B9D26F65BB2F}.AppStore|iPhoneSimulator.ActiveCfg = Debug|Any CPU
		{D3074DC4-80FA-4317-9754-B9D26F65BB2F}.AppStore|iPhoneSimulator.Build.0 = Debug|Any CPU
		{D3074DC4-80FA-4317-9754-B9D26F65BB2F}.AppStore|iPhoneSimulator.Deploy.0 = Debug|Any CPU
		{D3074DC4-80FA-4317-9754-B9D26F65BB2F}.Debug|Any CPU.ActiveCfg = Debug|Any CPU
		{D3074DC4-80FA-4317-9754-B9D26F65BB2F}.Debug|Any CPU.Build.0 = Debug|Any CPU
		{D3074DC4-80FA-4317-9754-B9D26F65BB2F}.Debug|Any CPU.Deploy.0 = Debug|Any CPU
		{D3074DC4-80FA-4317-9754-B9D26F65BB2F}.Debug|iPhone.ActiveCfg = Debug|Any CPU
		{D3074DC4-80FA-4317-9754-B9D26F65BB2F}.Debug|iPhone.Build.0 = Debug|Any CPU
		{D3074DC4-80FA-4317-9754-B9D26F65BB2F}.Debug|iPhone.Deploy.0 = Debug|Any CPU
		{D3074DC4-80FA-4317-9754-B9D26F65BB2F}.Debug|iPhoneSimulator.ActiveCfg = Debug|Any CPU
		{D3074DC4-80FA-4317-9754-B9D26F65BB2F}.Debug|iPhoneSimulator.Build.0 = Debug|Any CPU
		{D3074DC4-80FA-4317-9754-B9D26F65BB2F}.Debug|iPhoneSimulator.Deploy.0 = Debug|Any CPU
		{D3074DC4-80FA-4317-9754-B9D26F65BB2F}.Release|Any CPU.ActiveCfg = Release|Any CPU
		{D3074DC4-80FA-4317-9754-B9D26F65BB2F}.Release|Any CPU.Build.0 = Release|Any CPU
		{D3074DC4-80FA-4317-9754-B9D26F65BB2F}.Release|Any CPU.Deploy.0 = Release|Any CPU
		{D3074DC4-80FA-4317-9754-B9D26F65BB2F}.Release|iPhone.ActiveCfg = Release|Any CPU
		{D3074DC4-80FA-4317-9754-B9D26F65BB2F}.Release|iPhone.Build.0 = Release|Any CPU
		{D3074DC4-80FA-4317-9754-B9D26F65BB2F}.Release|iPhone.Deploy.0 = Release|Any CPU
		{D3074DC4-80FA-4317-9754-B9D26F65BB2F}.Release|iPhoneSimulator.ActiveCfg = Release|Any CPU
		{D3074DC4-80FA-4317-9754-B9D26F65BB2F}.Release|iPhoneSimulator.Build.0 = Release|Any CPU
		{D3074DC4-80FA-4317-9754-B9D26F65BB2F}.Release|iPhoneSimulator.Deploy.0 = Release|Any CPU
	EndGlobalSection
	GlobalSection(SolutionProperties) = preSolution
		HideSolutionNode = FALSE
	EndGlobalSection
	GlobalSection(ExtensibilityGlobals) = postSolution
		SolutionGuid = {2E44062E-A228-47E3-8F5C-2C6F80176880}
	EndGlobalSection
EndGlobal
